
Microsoft Visual Studio Solution File, Format Version 12.00
# Visual Studio Version 17
VisualStudioVersion = 17.4.33403.182
MinimumVisualStudioVersion = 10.0.40219.1
Project("{9A19103F-16F7-4668-BE54-9A1E7A4F7556}") = "SparePart", "SparePart\SparePart.csproj", "{DEBC39BF-7ABA-4BDF-9299-16C030CC899D}"
EndProject
Project("{9A19103F-16F7-4668-BE54-9A1E7A4F7556}") = "SparePart.ModelAndPersistance", "SparePart.ModelAndPersistance\SparePart.ModelAndPersistance.csproj", "{C9F12809-595E-48F0-9DE2-20FF2A4A8030}"
EndProject
Global
	GlobalSection(SolutionConfigurationPlatforms) = preSolution
		Debug|Any CPU = Debug|Any CPU
		Release|Any CPU = Release|Any CPU
	EndGlobalSection
	GlobalSection(ProjectConfigurationPlatforms) = postSolution
		{DEBC39BF-7ABA-4BDF-9299-16C030CC899D}.Debug|Any CPU.ActiveCfg = Debug|Any CPU
		{DEBC39BF-7ABA-4BDF-9299-16C030CC899D}.Debug|Any CPU.Build.0 = Debug|Any CPU
		{DEBC39BF-7ABA-4BDF-9299-16C030CC899D}.Release|Any CPU.ActiveCfg = Release|Any CPU
		{DEBC39BF-7ABA-4BDF-9299-16C030CC899D}.Release|Any CPU.Build.0 = Release|Any CPU
		{C9F12809-595E-48F0-9DE2-20FF2A4A8030}.Debug|Any CPU.ActiveCfg = Debug|Any CPU
		{C9F12809-595E-48F0-9DE2-20FF2A4A8030}.Debug|Any CPU.Build.0 = Debug|Any CPU
		{C9F12809-595E-48F0-9DE2-20FF2A4A8030}.Release|Any CPU.ActiveCfg = Release|Any CPU
		{C9F12809-595E-48F0-9DE2-20FF2A4A8030}.Release|Any CPU.Build.0 = Release|Any CPU
	EndGlobalSection
	GlobalSection(SolutionProperties) = preSolution
		HideSolutionNode = FALSE
	EndGlobalSection
	GlobalSection(ExtensibilityGlobals) = postSolution
		SolutionGuid = {28FB89EB-DE20-4259-996D-563C29D8A38D}
	EndGlobalSection
EndGlobal
